# THIS IS AN AUTOGENERATED FILE. DO NOT EDIT THIS FILE DIRECTLY.
# yarn lockfile v1


"@project-serum/anchor-cli@^0.24.2":
  version "0.24.2"
  resolved "https://registry.npmmirror.com/@project-serum/anchor-cli/-/anchor-cli-0.24.2.tgz#5276e9e9f55bd7b0c18e246c67ab02ad053c26b3"
  integrity sha512-3D+fB3n/PAmY5AF2P+zxNvV2ZKx6YLoDlqHXqFa7wGqxVZfTo4WM2O7ChJjU2WIxS/WoTt6qXnehbuGUJ1JXig==
